Microsoft Visual Studio Solution File, Format Version 12.00
# Visual Studio Version 17
VisualStudioVersion = 17.5.2.0
MinimumVisualStudioVersion = 10.0.40219.1
Project("{FAE04EC0-301F-11D3-BF4B-00C04F79EFBC}") = "SEBookStoreAngular.WebApi", "SEBookStoreAngular.WebApi.csproj", "{C274FD62-9D19-DB73-385A-73C93B34D05C}"
EndProject
Global
	GlobalSection(SolutionConfigurationPlatforms) = preSolution
		Debug|Any CPU = Debug|Any CPU
		Release|Any CPU = Release|Any CPU
	EndGlobalSection
	GlobalSection(ProjectConfigurationPlatforms) = postSolution
		{C274FD62-9D19-DB73-385A-73C93B34D05C}.Debug|Any CPU.ActiveCfg = Debug|Any CPU
		{C274FD62-9D19-DB73-385A-73C93B34D05C}.Debug|Any CPU.Build.0 = Debug|Any CPU
		{C274FD62-9D19-DB73-385A-73C93B34D05C}.Release|Any CPU.ActiveCfg = Release|Any CPU
		{C274FD62-9D19-DB73-385A-73C93B34D05C}.Release|Any CPU.Build.0 = Release|Any CPU
	EndGlobalSection
	GlobalSection(SolutionProperties) = preSolution
		HideSolutionNode = FALSE
	EndGlobalSection
	GlobalSection(ExtensibilityGlobals) = postSolution
		SolutionGuid = {65EA7E26-24C8-46B3-81A9-000DB52AD2C5}
	EndGlobalSection
EndGlobal
